<?xml version="1.0" encoding="utf-8"?>
<Project ToolsVersion="4.0" xmlns="http://schemas.microsoft.com/developer/msbuild/2003">
  <ItemGroup>
    <Filter Include="소스 파일">
      <UniqueIdentifier>{4FC737F1-C7A5-4376-A066-2A32D752A2FF}</UniqueIdentifier>
      <Extensions>cpp;c;cc;cxx;c++;def;odl;idl;hpj;bat;asm;asmx</Extensions>
    </Filter>
    <Filter Include="헤더 파일">
      <UniqueIdentifier>{93995380-89BD-4b04-88EB-625FBE52EBFB}</UniqueIdentifier>
      <Extensions>h;hh;hpp;hxx;h++;hm;inl;inc;ipp;xsd</Extensions>
    </Filter>
    <Filter Include="리소스 파일">
      <UniqueIdentifier>{67DA6AB6-F800-4c08-8B7A-83BB121AAD01}</UniqueIdentifier>
      <Extensions>rc;ico;cur;bmp;dlg;rc2;rct;bin;rgs;gif;jpg;jpeg;jpe;resx;tiff;tif;png;wav;mfcribbon-ms</Extensions>
    </Filter>
  </ItemGroup>
  <ItemGroup>
    <ClCompile Include="..\SelfDrivingCar\cpp\3calibration.cpp">
      <Filter>소스 파일</Filter>
    </ClCompile>
    <ClCompile Include="..\SelfDrivingCar\cpp\application_trace.cpp">
      <Filter>소스 파일</Filter>
    </ClCompile>
    <ClCompile Include="..\SelfDrivingCar\cpp\bgfg_segm.cpp">
      <Filter>소스 파일</Filter>
    </ClCompile>
    <ClCompile Include="..\SelfDrivingCar\cpp\calibration.cpp">
      <Filter>소스 파일</Filter>
    </ClCompile>
    <ClCompile Include="..\SelfDrivingCar\cpp\camshiftdemo.cpp">
      <Filter>소스 파일</Filter>
    </ClCompile>
    <ClCompile Include="..\SelfDrivingCar\cpp\cloning_demo.cpp">
      <Filter>소스 파일</Filter>
    </ClCompile>
    <ClCompile Include="..\SelfDrivingCar\cpp\cloning_gui.cpp">
      <Filter>소스 파일</Filter>
    </ClCompile>
    <ClCompile Include="..\SelfDrivingCar\cpp\connected_components.cpp">
      <Filter>소스 파일</Filter>
    </ClCompile>
    <ClCompile Include="..\SelfDrivingCar\cpp\contours2.cpp">
      <Filter>소스 파일</Filter>
    </ClCompile>
    <ClCompile Include="..\SelfDrivingCar\cpp\convexhull.cpp">
      <Filter>소스 파일</Filter>
    </ClCompile>
    <ClCompile Include="..\SelfDrivingCar\cpp\cout_mat.cpp">
      <Filter>소스 파일</Filter>
    </ClCompile>
    <ClCompile Include="..\SelfDrivingCar\cpp\create_mask.cpp">
      <Filter>소스 파일</Filter>
    </ClCompile>
    <ClCompile Include="..\SelfDrivingCar\cpp\dbt_face_detection.cpp">
      <Filter>소스 파일</Filter>
    </ClCompile>
    <ClCompile Include="..\SelfDrivingCar\cpp\delaunay2.cpp">
      <Filter>소스 파일</Filter>
    </ClCompile>
    <ClCompile Include="..\SelfDrivingCar\cpp\demhist.cpp">
      <Filter>소스 파일</Filter>
    </ClCompile>
    <ClCompile Include="..\SelfDrivingCar\cpp\detect_blob.cpp">
      <Filter>소스 파일</Filter>
    </ClCompile>
    <ClCompile Include="..\SelfDrivingCar\cpp\detect_mser.cpp">
      <Filter>소스 파일</Filter>
    </ClCompile>
    <ClCompile Include="..\SelfDrivingCar\cpp\dft.cpp">
      <Filter>소스 파일</Filter>
    </ClCompile>
    <ClCompile Include="..\SelfDrivingCar\cpp\digits.cpp">
      <Filter>소스 파일</Filter>
    </ClCompile>
    <ClCompile Include="..\SelfDrivingCar\cpp\dis_opticalflow.cpp">
      <Filter>소스 파일</Filter>
    </ClCompile>
    <ClCompile Include="..\SelfDrivingCar\cpp\distrans.cpp">
      <Filter>소스 파일</Filter>
    </ClCompile>
    <ClCompile Include="..\SelfDrivingCar\cpp\drawing.cpp">
      <Filter>소스 파일</Filter>
    </ClCompile>
    <ClCompile Include="..\SelfDrivingCar\cpp\edge.cpp">
      <Filter>소스 파일</Filter>
    </ClCompile>
    <ClCompile Include="..\SelfDrivingCar\cpp\ela.cpp">
      <Filter>소스 파일</Filter>
    </ClCompile>
    <ClCompile Include="..\SelfDrivingCar\cpp\em.cpp">
      <Filter>소스 파일</Filter>
    </ClCompile>
    <ClCompile Include="..\SelfDrivingCar\cpp\facedetect.cpp">
      <Filter>소스 파일</Filter>
    </ClCompile>
    <ClCompile Include="..\SelfDrivingCar\cpp\facial_features.cpp">
      <Filter>소스 파일</Filter>
    </ClCompile>
    <ClCompile Include="..\SelfDrivingCar\cpp\falsecolor.cpp">
      <Filter>소스 파일</Filter>
    </ClCompile>
    <ClCompile Include="..\SelfDrivingCar\cpp\fback.cpp">
      <Filter>소스 파일</Filter>
    </ClCompile>
    <ClCompile Include="..\SelfDrivingCar\cpp\ffilldemo.cpp">
      <Filter>소스 파일</Filter>
    </ClCompile>
    <ClCompile Include="..\SelfDrivingCar\cpp\filestorage.cpp">
      <Filter>소스 파일</Filter>
    </ClCompile>
    <ClCompile Include="..\SelfDrivingCar\cpp\fitellipse.cpp">
      <Filter>소스 파일</Filter>
    </ClCompile>
    <ClCompile Include="..\SelfDrivingCar\cpp\grabcut.cpp">
      <Filter>소스 파일</Filter>
    </ClCompile>
    <ClCompile Include="..\SelfDrivingCar\cpp\image_alignment.cpp">
      <Filter>소스 파일</Filter>
    </ClCompile>
    <ClCompile Include="..\SelfDrivingCar\cpp\imagelist_creator.cpp">
      <Filter>소스 파일</Filter>
    </ClCompile>
    <ClCompile Include="..\SelfDrivingCar\cpp\imagelist_reader.cpp">
      <Filter>소스 파일</Filter>
    </ClCompile>
    <ClCompile Include="..\SelfDrivingCar\cpp\inpaint.cpp">
      <Filter>소스 파일</Filter>
    </ClCompile>
    <ClCompile Include="..\SelfDrivingCar\cpp\intelligent_scissors.cpp">
      <Filter>소스 파일</Filter>
    </ClCompile>
    <ClCompile Include="..\SelfDrivingCar\cpp\intersectExample.cpp">
      <Filter>소스 파일</Filter>
    </ClCompile>
    <ClCompile Include="..\SelfDrivingCar\cpp\kalman.cpp">
      <Filter>소스 파일</Filter>
    </ClCompile>
    <ClCompile Include="..\SelfDrivingCar\cpp\kmeans.cpp">
      <Filter>소스 파일</Filter>
    </ClCompile>
    <ClCompile Include="..\SelfDrivingCar\cpp\laplace.cpp">
      <Filter>소스 파일</Filter>
    </ClCompile>
    <ClCompile Include="..\SelfDrivingCar\cpp\letter_recog.cpp">
      <Filter>소스 파일</Filter>
    </ClCompile>
    <ClCompile Include="..\SelfDrivingCar\cpp\lkdemo.cpp">
      <Filter>소스 파일</Filter>
    </ClCompile>
    <ClCompile Include="..\SelfDrivingCar\cpp\logistic_regression.cpp">
      <Filter>소스 파일</Filter>
    </ClCompile>
    <ClCompile Include="..\SelfDrivingCar\cpp\mask_tmpl.cpp">
      <Filter>소스 파일</Filter>
    </ClCompile>
    <ClCompile Include="..\SelfDrivingCar\cpp\matchmethod_orb_akaze_brisk.cpp">
      <Filter>소스 파일</Filter>
    </ClCompile>
    <ClCompile Include="..\SelfDrivingCar\cpp\minarea.cpp">
      <Filter>소스 파일</Filter>
    </ClCompile>
    <ClCompile Include="..\SelfDrivingCar\cpp\morphology2.cpp">
      <Filter>소스 파일</Filter>
    </ClCompile>
    <ClCompile Include="..\SelfDrivingCar\cpp\neural_network.cpp">
      <Filter>소스 파일</Filter>
    </ClCompile>
    <ClCompile Include="..\SelfDrivingCar\cpp\npr_demo.cpp">
      <Filter>소스 파일</Filter>
    </ClCompile>
    <ClCompile Include="..\SelfDrivingCar\cpp\opencv_version.cpp">
      <Filter>소스 파일</Filter>
    </ClCompile>
    <ClCompile Include="..\SelfDrivingCar\cpp\pca.cpp">
      <Filter>소스 파일</Filter>
    </ClCompile>
    <ClCompile Include="..\SelfDrivingCar\cpp\peopledetect.cpp">
      <Filter>소스 파일</Filter>
    </ClCompile>
    <ClCompile Include="..\SelfDrivingCar\cpp\phase_corr.cpp">
      <Filter>소스 파일</Filter>
    </ClCompile>
    <ClCompile Include="..\SelfDrivingCar\cpp\points_classifier.cpp">
      <Filter>소스 파일</Filter>
    </ClCompile>
    <ClCompile Include="..\SelfDrivingCar\cpp\polar_transforms.cpp">
      <Filter>소스 파일</Filter>
    </ClCompile>
    <ClCompile Include="..\SelfDrivingCar\cpp\qrcode.cpp">
      <Filter>소스 파일</Filter>
    </ClCompile>
    <ClCompile Include="..\SelfDrivingCar\cpp\segment_objects.cpp">
      <Filter>소스 파일</Filter>
    </ClCompile>
    <ClCompile Include="..\SelfDrivingCar\cpp\select3dobj.cpp">
      <Filter>소스 파일</Filter>
    </ClCompile>
    <ClCompile Include="..\SelfDrivingCar\cpp\simd_basic.cpp">
      <Filter>소스 파일</Filter>
    </ClCompile>
    <ClCompile Include="..\SelfDrivingCar\cpp\smiledetect.cpp">
      <Filter>소스 파일</Filter>
    </ClCompile>
    <ClCompile Include="..\SelfDrivingCar\cpp\squares.cpp">
      <Filter>소스 파일</Filter>
    </ClCompile>
    <ClCompile Include="..\SelfDrivingCar\cpp\stereo_calib.cpp">
      <Filter>소스 파일</Filter>
    </ClCompile>
    <ClCompile Include="..\SelfDrivingCar\cpp\stereo_match.cpp">
      <Filter>소스 파일</Filter>
    </ClCompile>
    <ClCompile Include="..\SelfDrivingCar\cpp\stitching.cpp">
      <Filter>소스 파일</Filter>
    </ClCompile>
    <ClCompile Include="..\SelfDrivingCar\cpp\stitching_detailed.cpp">
      <Filter>소스 파일</Filter>
    </ClCompile>
    <ClCompile Include="..\SelfDrivingCar\cpp\text_skewness_correction.cpp">
      <Filter>소스 파일</Filter>
    </ClCompile>
    <ClCompile Include="..\SelfDrivingCar\cpp\train_HOG.cpp">
      <Filter>소스 파일</Filter>
    </ClCompile>
    <ClCompile Include="..\SelfDrivingCar\cpp\train_svmsgd.cpp">
      <Filter>소스 파일</Filter>
    </ClCompile>
    <ClCompile Include="..\SelfDrivingCar\cpp\travelsalesman.cpp">
      <Filter>소스 파일</Filter>
    </ClCompile>
    <ClCompile Include="..\SelfDrivingCar\cpp\tree_engine.cpp">
      <Filter>소스 파일</Filter>
    </ClCompile>
    <ClCompile Include="..\SelfDrivingCar\cpp\videocapture_basic.cpp">
      <Filter>소스 파일</Filter>
    </ClCompile>
    <ClCompile Include="..\SelfDrivingCar\cpp\videocapture_camera.cpp">
      <Filter>소스 파일</Filter>
    </ClCompile>
    <ClCompile Include="..\SelfDrivingCar\cpp\videocapture_gphoto2_autofocus.cpp">
      <Filter>소스 파일</Filter>
    </ClCompile>
    <ClCompile Include="..\SelfDrivingCar\cpp\videocapture_gstreamer_pipeline.cpp">
      <Filter>소스 파일</Filter>
    </ClCompile>
    <ClCompile Include="..\SelfDrivingCar\cpp\videocapture_image_sequence.cpp">
      <Filter>소스 파일</Filter>
    </ClCompile>
    <ClCompile Include="..\SelfDrivingCar\cpp\videocapture_intelperc.cpp">
      <Filter>소스 파일</Filter>
    </ClCompile>
    <ClCompile Include="..\SelfDrivingCar\cpp\videocapture_openni.cpp">
      <Filter>소스 파일</Filter>
    </ClCompile>
    <ClCompile Include="..\SelfDrivingCar\cpp\videocapture_starter.cpp">
      <Filter>소스 파일</Filter>
    </ClCompile>
    <ClCompile Include="..\SelfDrivingCar\cpp\videowriter_basic.cpp">
      <Filter>소스 파일</Filter>
    </ClCompile>
    <ClCompile Include="..\SelfDrivingCar\cpp\warpPerspective_demo.cpp">
      <Filter>소스 파일</Filter>
    </ClCompile>
    <ClCompile Include="..\SelfDrivingCar\cpp\watershed.cpp">
      <Filter>소스 파일</Filter>
    </ClCompile>
  </ItemGroup>
  <ItemGroup>
    <Text Include="..\SelfDrivingCar\cpp\CMakeLists.txt">
      <Filter>소스 파일</Filter>
    </Text>
  </ItemGroup>
</Project>